// !$*UTF8*$!
{
	archiveVersion = 1;
	classes = {
	};
	objectVersion = 46;
	objects = {

/* Begin PBXBuildFile section */
		BF042A401C0F994D00B52976 /* AppDelegate.swift in Sources */ = {isa = PBXBuildFile; fileRef = BF042A3F1C0F994D00B52976 /* AppDelegate.swift */; };
		BF042A421C0F994D00B52976 /* ViewController.swift in Sources */ = {isa = PBXBuildFile; fileRef = BF042A411C0F994D00B52976 /* ViewController.swift */; };
		BF042A451C0F994D00B52976 /* Main.storyboard in Resources */ = {isa = PBXBuildFile; fileRef = BF042A431C0F994D00B52976 /* Main.storyboard */; };
		BF042A471C0F994D00B52976 /* Assets.xcassets in Resources */ = {isa = PBXBuildFile; fileRef = BF042A461C0F994D00B52976 /* Assets.xcassets */; };
		BF042A4A1C0F994D00B52976 /* LaunchScreen.storyboard in Resources */ = {isa = PBXBuildFile; fileRef = BF042A481C0F994D00B52976 /* LaunchScreen.storyboard */; };
		BF042A551C0F994D00B52976 /* Prueba1Tests.swift in Sources */ = {isa = PBXBuildFile; fileRef = BF042A541C0F994D00B52976 /* Prueba1Tests.swift */; };
		BF042A601C0F994D00B52976 /* Prueba1UITests.swift in Sources */ = {isa = PBXBuildFile; fileRef = BF042A5F1C0F994D00B52976 /* Prueba1UITests.swift */; };
/* End PBXBuildFile section */

/* Begin PBXContainerItemProxy section */
		BF042A511C0F994D00B52976 /* PBXContainerItemProxy */ = {
			isa = PBXContainerItemProxy;
			containerPortal = BF042A341C0F994D00B52976 /* Project object */;
			proxyType = 1;
			remoteGlobalIDString = BF042A3B1C0F994D00B52976;
			remoteInfo = Prueba1;
		};
		BF042A5C1C0F994D00B52976 /* PBXContainerItemProxy */ = {
			isa = PBXContainerItemProxy;
			containerPortal = BF042A341C0F994D00B52976 /* Project object */;
			proxyType = 1;
			remoteGlobalIDString = BF042A3B1C0F994D00B52976;
			remoteInfo = Prueba1;
		};
/* End PBXContainerItemProxy section */

/* Begin PBXFileReference section */
		BF042A3C1C0F994D00B52976 /* Prueba1.app */ = {isa = PBXFileReference; explicitFileType = wrapper.application; includeInIndex = 0; path = Prueba1.app; sourceTree = BUILT_PRODUCTS_DIR; };
		BF042A3F1C0F994D00B52976 /* AppDelegate.swift */ = {isa = PBXFileReference; lastKnownFileType = sourcecode.swift; path = AppDelegate.swift; sourceTree = "<group>"; };
		BF042A411C0F994D00B52976 /* ViewController.swift */ = {isa = PBXFileReference; lastKnownFileType = sourcecode.swift; path = ViewController.swift; sourceTree = "<group>"; };
		BF042A441C0F994D00B52976 /* Base */ = {isa = PBXFileReference; lastKnownFileType = file.storyboard; name = Base; path = Base.lproj/Main.storyboard; sourceTree = "<group>"; };
		BF042A461C0F994D00B52976 /* Assets.xcassets */ = {isa = PBXFileReference; lastKnownFileType = folder.assetcatalog; path = Assets.xcassets; sourceTree = "<group>"; };
		BF042A491C0F994D00B52976 /* Base */ = {isa = PBXFileReference; lastKnownFileType = file.storyboard; name = Base; path = Base.lproj/LaunchScreen.storyboard; sourceTree = "<group>"; };
		BF042A4B1C0F994D00B52976 /* Info.plist */ = {isa = PBXFileReference; lastKnownFileType = text.plist.xml; path = Info.plist; sourceTree = "<group>"; };
		BF042A501C0F994D00B52976 /* Prueba1Tests.xctest */ = {isa = PBXFileReference; explicitFileType = wrapper.cfbundle; includeInIndex = 0; path = Prueba1Tests.xctest; sourceTree = BUILT_PRODUCTS_DIR; };
		BF042A541C0F994D00B52976 /* Prueba1Tests.swift */ = {isa = PBXFileReference; lastKnownFileType = sourcecode.swift; path = Prueba1Tests.swift; sourceTree = "<group>"; };
		BF042A561C0F994D00B52976 /* Info.plist */ = {isa = PBXFileReference; lastKnownFileType = text.plist.xml; path = Info.plist; sourceTree = "<group>"; };
		BF042A5B1C0F994D00B52976 /* Prueba1UITests.xctest */ = {isa = PBXFileReference; explicitFileType = wrapper.cfbundle; includeInIndex = 0; path = Prueba1UITests.xctest; sourceTree = BUILT_PRODUCTS_DIR; };
		BF042A5F1C0F994D00B52976 /* Prueba1UITests.swift */ = {isa = PBXFileReference; lastKnownFileType = sourcecode.swift; path = Prueba1UITests.swift; sourceTree = "<group>"; };
		BF042A611C0F994D00B52976 /* Info.plist */ = {isa = PBXFileReference; lastKnownFileType = text.plist.xml; path = Info.plist; sourceTree = "<group>"; };
/* End PBXFileReference section */

/* Begin PBXFrameworksBuildPhase section */
		BF042A391C0F994D00B52976 /* Frameworks */ = {
			isa = PBXFrameworksBuildPhase;
			buildActionMask = 2147483647;
			files = (
			);
			runOnlyForDeploymentPostprocessing = 0;
		};
		BF042A4D1C0F994D00B52976 /* Frameworks */ = {
			isa = PBXFrameworksBuildPhase;
			buildActionMask = 2147483647;
			files = (
			);
			runOnlyForDeploymentPostprocessing = 0;
		};
		BF042A581C0F994D00B52976 /* Frameworks */ = {
			isa = PBXFrameworksBuildPhase;
			buildActionMask = 2147483647;
			files = (
			);
			runOnlyForDeploymentPostprocessing = 0;
		};
/* End PBXFrameworksBuildPhase section */

/* Begin PBXGroup section */
		BF042A331C0F994D00B52976 = {
			isa = PBXGroup;
			children = (
				BF042A3E1C0F994D00B52976 /* Prueba1 */,
				BF042A531C0F994D00B52976 /* Prueba1Tests */,
				BF042A5E1C0F994D00B52976 /* Prueba1UITests */,
				BF042A3D1C0F994D00B52976 /* Products */,
			);
			sourceTree = "<group>";
		};
		BF042A3D1C0F994D00B52976 /* Products */ = {
			isa = PBXGroup;
			children = (
				BF042A3C1C0F994D00B52976 /* Prueba1.app */,
				BF042A501C0F994D00B52976 /* Prueba1Tests.xctest */,
				BF042A5B1C0F994D00B52976 /* Prueba1UITests.xctest */,
			);
			name = Products;
			sourceTree = "<group>";
		};
		BF042A3E1C0F994D00B52976 /* Prueba1 */ = {
			isa = PBXGroup;
			children = (
				BF042A3F1C0F994D00B52976 /* AppDelegate.swift */,
				BF042A411C0F994D00B52976 /* ViewController.swift */,
				BF042A431C0F994D00B52976 /* Main.storyboard */,
				BF042A461C0F994D00B52976 /* Assets.xcassets */,
				BF042A481C0F994D00B52976 /* LaunchScreen.storyboard */,
				BF042A4B1C0F994D00B52976 /* Info.plist */,
			);
			path = Prueba1;
			sourceTree = "<group>";
		};
		BF042A531C0F994D00B52976 /* Prueba1Tests */ = {
			isa = PBXGroup;
			children = (
				BF042A541C0F994D00B52976 /* Prueba1Tests.swift */,
				BF042A561C0F994D00B52976 /* Info.plist */,
			);
			path = Prueba1Tests;
			sourceTree = "<group>";
		};
		BF042A5E1C0F994D00B52976 /* Prueba1UITests */ = {
			isa = PBXGroup;
			children = (
				BF042A5F1C0F994D00B52976 /* Prueba1UITests.swift */,
				BF042A611C0F994D00B52976 /* Info.plist */,
			);
			path = Prueba1UITests;
			sourceTree = "<group>";
		};
/* End PBXGroup section */

/* Begin PBXNativeTarget section */
		BF042A3B1C0F994D00B52976 /* Prueba1 */ = {
			isa = PBXNativeTarget;
			buildConfigurationList = BF042A641C0F994D00B52976 /* Build configuration list for PBXNativeTarget "Prueba1" */;
			buildPhases = (
				BF042A381C0F994D00B52976 /* Sources */,
				BF042A391C0F994D00B52976 /* Frameworks */,
				BF042A3A1C0F994D00B52976 /* Resources */,
			);
			buildRules = (
			);
			dependencies = (
			);
			name = Prueba1;
			productName = Prueba1;
			productReference = BF042A3C1C0F994D00B52976 /* Prueba1.app */;
			productType = "com.apple.product-type.application";
		};
		BF042A4F1C0F994D00B52976 /* Prueba1Tests */ = {
			isa = PBXNativeTarget;
			buildConfigurationList = BF042A671C0F994D00B52976 /* Build configuration list for PBXNativeTarget "Prueba1Tests" */;
			buildPhases = (
				BF042A4C1C0F994D00B52976 /* Sources */,
				BF042A4D1C0F994D00B52976 /* Frameworks */,
				BF042A4E1C0F994D00B52976 /* Resources */,
			);
			buildRules = (
			);
			dependencies = (
				BF042A521C0F994D00B52976 /* PBXTargetDependency */,
			);
			name = Prueba1Tests;
			productName = Prueba1Tests;
			productReference = BF042A501C0F994D00B52976 /* Prueba1Tests.xctest */;
			productType = "com.apple.product-type.bundle.unit-test";
		};
		BF042A5A1C0F994D00B52976 /* Prueba1UITests */ = {
			isa = PBXNativeTarget;
			buildConfigurationList = BF042A6A1C0F994D00B52976 /* Build configuration list for PBXNativeTarget "Prueba1UITests" */;
			buildPhases = (
				BF042A571C0F994D00B52976 /* Sources */,
				BF042A581C0F994D00B52976 /* Frameworks */,
				BF042A591C0F994D00B52976 /* Resources */,
			);
			buildRules = (
			);
			dependencies = (
				BF042A5D1C0F994D00B52976 /* PBXTargetDependency */,
			);
			name = Prueba1UITests;
			productName = Prueba1UITests;
			productReference = BF042A5B1C0F994D00B52976 /* Prueba1UITests.xctest */;
			productType = "com.apple.product-type.bundle.ui-testing";
		};
/* End PBXNativeTarget section */

/* Begin PBXProject section */
		BF042A341C0F994D00B52976 /* Project object */ = {
			isa = PBXProject;
			attributes = {
				LastSwiftUpdateCheck = 0710;
				LastUpgradeCheck = 0710;
				ORGANIZATIONNAME = "Ana de la Fuente";
				TargetAttributes = {
					BF042A3B1C0F994D00B52976 = {
						CreatedOnToolsVersion = 7.1.1;
					};
					BF042A4F1C0F994D00B52976 = {
						CreatedOnToolsVersion = 7.1.1;
						TestTargetID = BF042A3B1C0F994D00B52976;
					};
					BF042A5A1C0F994D00B52976 = {
						CreatedOnToolsVersion = 7.1.1;
						TestTargetID = BF042A3B1C0F994D00B52976;
					};
				};
			};
			buildConfigurationList = BF042A371C0F994D00B52976 /* Build configuration list for PBXProject "Prueba1" */;
			compatibilityVersion = "Xcode 3.2";
			developmentRegion = English;
			hasScannedForEncodings = 0;
			knownRegions = (
				en,
				Base,
			);
			mainGroup = BF042A331C0F994D00B52976;
			productRefGroup = BF042A3D1C0F994D00B52976 /* Products */;
			projectDirPath = "";
			projectRoot = "";
			targets = (
				BF042A3B1C0F994D00B52976 /* Prueba1 */,
				BF042A4F1C0F994D00B52976 /* Prueba1Tests */,
				BF042A5A1C0F994D00B52976 /* Prueba1UITests */,
			);
		};
/* End PBXProject section */

/* Begin PBXResourcesBuildPhase section */
		BF042A3A1C0F994D00B52976 /* Resources */ = {
			isa = PBXResourcesBuildPhase;
			buildActionMask = 2147483647;
			files = (
				BF042A4A1C0F994D00B52976 /* LaunchScreen.storyboard in Resources */,
				BF042A471C0F994D00B52976 /* Assets.xcassets in Resources */,
				BF042A451C0F994D00B52976 /* Main.storyboard in Resources */,
			);
			runOnlyForDeploymentPostprocessing = 0;
		};
		BF042A4E1C0F994D00B52976 /* Resources */ = {
			isa = PBXResourcesBuildPhase;
			buildActionMask = 2147483647;
			files = (
			);
			runOnlyForDeploymentPostprocessing = 0;
		};
		BF042A591C0F994D00B52976 /* Resources */ = {
			isa = PBXResourcesBuildPhase;
			buildActionMask = 2147483647;
			files = (
			);
			runOnlyForDeploymentPostprocessing = 0;
		};
/* End PBXResourcesBuildPhase section */

/* Begin PBXSourcesBuildPhase section */
		BF042A381C0F994D00B52976 /* Sources */ = {
			isa = PBXSourcesBuildPhase;
			buildActionMask = 2147483647;
			files = (
				BF042A421C0F994D00B52976 /* ViewController.swift in Sources */,
				BF042A401C0F994D00B52976 /* AppDelegate.swift in Sources */,
			);
			runOnlyForDeploymentPostprocessing = 0;
		};
		BF042A4C1C0F994D00B52976 /* Sources */ = {
			isa = PBXSourcesBuildPhase;
			buildActionMask = 2147483647;
			files = (
				BF042A551C0F994D00B52976 /* Prueba1Tests.swift in Sources */,
			);
			runOnlyForDeploymentPostprocessing = 0;
		};
		BF042A571C0F994D00B52976 /* Sources */ = {
			isa = PBXSourcesBuildPhase;
			buildActionMask = 2147483647;
			files = (
				BF042A601C0F994D00B52976 /* Prueba1UITests.swift in Sources */,
			);
			runOnlyForDeploymentPostprocessing = 0;
		};
/* End PBXSourcesBuildPhase section */

/* Begin PBXTargetDependency section */
		BF042A521C0F994D00B52976 /* PBXTargetDependency */ = {
			isa = PBXTargetDependency;
			target = BF042A3B1C0F994D00B52976 /* Prueba1 */;
			targetProxy = BF042A511C0F994D00B52976 /* PBXContainerItemProxy */;
		};
		BF042A5D1C0F994D00B52976 /* PBXTargetDependency */ = {
			isa = PBXTargetDependency;
			target = BF042A3B1C0F994D00B52976 /* Prueba1 */;
			targetProxy = BF042A5C1C0F994D00B52976 /* PBXContainerItemProxy */;
		};
/* End PBXTargetDependency section */

/* Begin PBXVariantGroup section */
		BF042A431C0F994D00B52976 /* Main.storyboard */ = {
			isa = PBXVariantGroup;
			children = (
				BF042A441C0F994D00B52976 /* Base */,
			);
			name = Main.storyboard;
			sourceTree = "<group>";
		};
		BF042A481C0F994D00B52976 /* LaunchScreen.storyboard */ = {
			isa = PBXVariantGroup;
			children = (
				BF042A491C0F994D00B52976 /* Base */,
			);
			name = LaunchScreen.storyboard;
			sourceTree = "<group>";
		};
/* End PBXVariantGroup section */

/* Begin XCBuildConfiguration section */
		BF042A621C0F994D00B52976 /* Debug */ = {
			isa = XCBuildConfiguration;
			buildSettings = {
				ALWAYS_SEARCH_USER_PATHS = NO;
				CLANG_CXX_LANGUAGE_STANDARD = "gnu++0x";
				CLANG_CXX_LIBRARY = "libc++";
				CLANG_ENABLE_MODULES = YES;
				CLANG_ENABLE_OBJC_ARC = YES;
				CLANG_WARN_BOOL_CONVERSION = YES;
				CLANG_WARN_CONSTANT_CONVERSION = YES;
				CLANG_WARN_DIRECT_OBJC_ISA_USAGE = YES_ERROR;
				CLANG_WARN_EMPTY_BODY = YES;
				CLANG_WARN_ENUM_CONVERSION = YES;
				CLANG_WARN_INT_CONVERSION = YES;
				CLANG_WARN_OBJC_ROOT_CLASS = YES_ERROR;
				CLANG_WARN_UNREACHABLE_CODE = YES;
				CLANG_WARN__DUPLICATE_METHOD_MATCH = YES;
				"CODE_SIGN_IDENTITY[sdk=iphoneos*]" = "iPhone Developer";
				COPY_PHASE_STRIP = NO;
				DEBUG_INFORMATION_FORMAT = dwarf;
				ENABLE_STRICT_OBJC_MSGSEND = YES;
				ENABLE_TESTABILITY = YES;
				GCC_C_LANGUAGE_STANDARD = gnu99;
				GCC_DYNAMIC_NO_PIC = NO;
				GCC_NO_COMMON_BLOCKS = YES;
				GCC_OPTIMIZATION_LEVEL = 0;
				GCC_PREPROCESSOR_DEFINITIONS = (
					"DEBUG=1",
					"$(inherited)",
				);
				GCC_WARN_64_TO_32_BIT_CONVERSION = YES;
				GCC_WARN_ABOUT_RETURN_TYPE = YES_ERROR;
				GCC_WARN_UNDECLARED_SELECTOR = YES;
				GCC_WARN_UNINITIALIZED_AUTOS = YES_AGGRESSIVE;
				GCC_WARN_UNUSED_FUNCTION = YES;
				GCC_WARN_UNUSED_VARIABLE = YES;
				IPHONEOS_DEPLOYMENT_TARGET = 9.1;
				MTL_ENABLE_DEBUG_INFO = YES;
				ONLY_ACTIVE_ARCH = YES;
				SDKROOT = iphoneos;
				SWIFT_OPTIMIZATION_LEVEL = "-Onone";
				TARGETED_DEVICE_FAMILY = "1,2";
			};
			name = Debug;
		};
		BF042A631C0F994D00B52976 /* Release */ = {
			isa = XCBuildConfiguration;
			buildSettings = {
				ALWAYS_SEARCH_USER_PATHS = NO;
				CLANG_CXX_LANGUAGE_STANDARD = "gnu++0x";
				CLANG_CXX_LIBRARY = "libc++";
				CLANG_ENABLE_MODULES = YES;
				CLANG_ENABLE_OBJC_ARC = YES;
				CLANG_WARN_BOOL_CONVERSION = YES;
				CLANG_WARN_CONSTANT_CONVERSION = YES;
				CLANG_WARN_DIRECT_OBJC_ISA_USAGE = YES_ERROR;
				CLANG_WARN_EMPTY_BODY = YES;
				CLANG_WARN_ENUM_CONVERSION = YES;
				CLANG_WARN_INT_CONVERSION = YES;
				CLANG_WARN_OBJC_ROOT_CLASS = YES_ERROR;
				CLANG_WARN_UNREACHABLE_CODE = YES;
				CLANG_WARN__DUPLICATE_METHOD_MATCH = YES;
				"CODE_SIGN_IDENTITY[sdk=iphoneos*]" = "iPhone Developer";
				COPY_PHASE_STRIP = NO;
				DEBUG_INFORMATION_FORMAT = "dwarf-with-dsym";
				ENABLE_NS_ASSERTIONS = NO;
				ENABLE_STRICT_OBJC_MSGSEND = YES;
				GCC_C_LANGUAGE_STANDARD = gnu99;
				GCC_NO_COMMON_BLOCKS = YES;
				GCC_WARN_64_TO_32_BIT_CONVERSION = YES;
				GCC_WARN_ABOUT_RETURN_TYPE = YES_ERROR;
				GCC_WARN_UNDECLARED_SELECTOR = YES;
				GCC_WARN_UNINITIALIZED_AUTOS = YES_AGGRESSIVE;
				GCC_WARN_UNUSED_FUNCTION = YES;
				GCC_WARN_UNUSED_VARIABLE = YES;
				IPHONEOS_DEPLOYMENT_TARGET = 9.1;
				MTL_ENABLE_DEBUG_INFO = NO;
				SDKROOT = iphoneos;
				TARGETED_DEVICE_FAMILY = "1,2";
				VALIDATE_PRODUCT = YES;
			};
			name = Release;
		};
		BF042A651C0F994D00B52976 /* Debug */ = {
			isa = XCBuildConfiguration;
			buildSettings = {
				ASSETCATALOG_COMPILER_APPICON_NAME = AppIcon;
				INFOPLIST_FILE = Prueba1/Info.plist;
				LD_RUNPATH_SEARCH_PATHS = "$(inherited) @executable_path/Frameworks";
				PRODUCT_BUNDLE_IDENTIFIER = EDU.Prueba1;
				PRODUCT_NAME = "$(TARGET_NAME)";
			};
			name = Debug;
		};
		BF042A661C0F994D00B52976 /* Release */ = {
			isa = XCBuildConfiguration;
			buildSettings = {
				ASSETCATALOG_COMPILER_APPICON_NAME = AppIcon;
				INFOPLIST_FILE = Prueba1/Info.plist;
				LD_RUNPATH_SEARCH_PATHS = "$(inherited) @executable_path/Frameworks";
				PRODUCT_BUNDLE_IDENTIFIER = EDU.Prueba1;
				PRODUCT_NAME = "$(TARGET_NAME)";
			};
			name = Release;
		};
		BF042A681C0F994D00B52976 /* Debug */ = {
			isa = XCBuildConfiguration;
			buildSettings = {
				BUNDLE_LOADER = "$(TEST_HOST)";
				INFOPLIST_FILE = Prueba1Tests/Info.plist;
				LD_RUNPATH_SEARCH_PATHS = "$(inherited) @executable_path/Frameworks @loader_path/Frameworks";
				PRODUCT_BUNDLE_IDENTIFIER = EDU.Prueba1Tests;
				PRODUCT_NAME = "$(TARGET_NAME)";
				TEST_HOST = "$(BUILT_PRODUCTS_DIR)/Prueba1.app/Prueba1";
			};
			name = Debug;
		};
		BF042A691C0F994D00B52976 /* Release */ = {
			isa = XCBuildConfiguration;
			buildSettings = {
				BUNDLE_LOADER = "$(TEST_HOST)";
				INFOPLIST_FILE = Prueba1Tests/Info.plist;
				LD_RUNPATH_SEARCH_PATHS = "$(inherited) @executable_path/Frameworks @loader_path/Frameworks";
				PRODUCT_BUNDLE_IDENTIFIER = EDU.Prueba1Tests;
				PRODUCT_NAME = "$(TARGET_NAME)";
				TEST_HOST = "$(BUILT_PRODUCTS_DIR)/Prueba1.app/Prueba1";
			};
			name = Release;
		};
		BF042A6B1C0F994D00B52976 /* Debug */ = {
			isa = XCBuildConfiguration;
			buildSettings = {
				INFOPLIST_FILE = Prueba1UITests/Info.plist;
				LD_RUNPATH_SEARCH_PATHS = "$(inherited) @executable_path/Frameworks @loader_path/Frameworks";
				PRODUCT_BUNDLE_IDENTIFIER = EDU.Prueba1UITests;
				PRODUCT_NAME = "$(TARGET_NAME)";
				TEST_TARGET_NAME = Prueba1;
				USES_XCTRUNNER = YES;
			};
			name = Debug;
		};
		BF042A6C1C0F994D00B52976 /* Release */ = {
			isa = XCBuildConfiguration;
			buildSettings = {
				INFOPLIST_FILE = Prueba1UITests/Info.plist;
				LD_RUNPATH_SEARCH_PATHS = "$(inherited) @executable_path/Frameworks @loader_path/Frameworks";
				PRODUCT_BUNDLE_IDENTIFIER = EDU.Prueba1UITests;
				PRODUCT_NAME = "$(TARGET_NAME)";
				TEST_TARGET_NAME = Prueba1;
				USES_XCTRUNNER = YES;
			};
			name = Release;
		};
/* End XCBuildConfiguration section */

/* Begin XCConfigurationList section */
		BF042A371C0F994D00B52976 /* Build configuration list for PBXProject "Prueba1" */ = {
			isa = XCConfigurationList;
			buildConfigurations = (
				BF042A621C0F994D00B52976 /* Debug */,
				BF042A631C0F994D00B52976 /* Release */,
			);
			defaultConfigurationIsVisible = 0;
			defaultConfigurationName = Release;
		};
		BF042A641C0F994D00B52976 /* Build configuration list for PBXNativeTarget "Prueba1" */ = {
			isa = XCConfigurationList;
			buildConfigurations = (
				BF042A651C0F994D00B52976 /* Debug */,
				BF042A661C0F994D00B52976 /* Release */,
			);
			defaultConfigurationIsVisible = 0;
		};
		BF042A671C0F994D00B52976 /* Build configuration list for PBXNativeTarget "Prueba1Tests" */ = {
			isa = XCConfigurationList;
			buildConfigurations = (
				BF042A681C0F994D00B52976 /* Debug */,
				BF042A691C0F994D00B52976 /* Release */,
			);
			defaultConfigurationIsVisible = 0;
		};
		BF042A6A1C0F994D00B52976 /* Build configuration list for PBXNativeTarget "Prueba1UITests" */ = {
			isa = XCConfigurationList;
			buildConfigurations = (
				BF042A6B1C0F994D00B52976 /* Debug */,
				BF042A6C1C0F994D00B52976 /* Release */,
			);
			defaultConfigurationIsVisible = 0;
		};
/* End XCConfigurationList section */
	};
	rootObject = BF042A341C0F994D00B52976 /* Project object */;
}
